
Microsoft Visual Studio Solution File, Format Version 12.00
# Visual Studio Version 17
VisualStudioVersion = 17.0.31717.71
MinimumVisualStudioVersion = 10.0.40219.1
Project("{FAE04EC0-301F-11D3-BF4B-00C04F79EFBC}") = "NcoreComponent", "NcoreComponent\NcoreComponent.csproj", "{1FE1C6AB-D089-463A-A063-80A3F72CE4D6}"
EndProject
Global
	GlobalSection(SolutionConfigurationPlatforms) = preSolution
		Debug|Any CPU = Debug|Any CPU
		Release|Any CPU = Release|Any CPU
	EndGlobalSection
	GlobalSection(ProjectConfigurationPlatforms) = postSolution
		{1FE1C6AB-D089-463A-A063-80A3F72CE4D6}.Debug|Any CPU.ActiveCfg = Debug|Any CPU
		{1FE1C6AB-D089-463A-A063-80A3F72CE4D6}.Debug|Any CPU.Build.0 = Debug|Any CPU
		{1FE1C6AB-D089-463A-A063-80A3F72CE4D6}.Release|Any CPU.ActiveCfg = Release|Any CPU
		{1FE1C6AB-D089-463A-A063-80A3F72CE4D6}.Release|Any CPU.Build.0 = Release|Any CPU
	EndGlobalSection
	GlobalSection(SolutionProperties) = preSolution
		HideSolutionNode = FALSE
	EndGlobalSection
	GlobalSection(ExtensibilityGlobals) = postSolution
		SolutionGuid = {BC233DA0-7B00-4D26-A709-78F2612BE46D}
	EndGlobalSection
EndGlobal
